
Microsoft Visual Studio Solution File, Format Version 12.00
# Visual Studio Version 16
VisualStudioVersion = 16.0.30907.101
MinimumVisualStudioVersion = 10.0.40219.1
Project("{FAE04EC0-301F-11D3-BF4B-00C04F79EFBC}") = "Lesson_1_1_Profile", "Lesson_1\1_Profile\Lesson_1_1_Profile.csproj", "{ADF5202C-2966-474E-A50A-2FF943A88352}"
EndProject
Project("{FAE04EC0-301F-11D3-BF4B-00C04F79EFBC}") = "Lesson_1_2_Index", "Lesson_1\2_Index\Lesson_1_2_Index.csproj", "{2DEB08F2-BF49-4F66-BC60-D0EB9707F5D8}"
EndProject
Project("{FAE04EC0-301F-11D3-BF4B-00C04F79EFBC}") = "Lesson_1_3_Distance", "Lesson_1\3_Distance\Lesson_1_3_Distance.csproj", "{17FDE6C1-944E-4E7C-8B07-D0002F11E0E2}"
EndProject
Project("{FAE04EC0-301F-11D3-BF4B-00C04F79EFBC}") = "Lesson_1_4_Exchange", "Lesson_1\4_Exchange\Lesson_1_4_Exchange.csproj", "{F701D989-A510-4CE6-B7DE-5E97722DDC5C}"
EndProject
Project("{FAE04EC0-301F-11D3-BF4B-00C04F79EFBC}") = "Lesson_1_5_Center", "Lesson_1\5_Center\Lesson_1_5_Center.csproj", "{1D46D000-9848-4035-AA10-760546C596E9}"
EndProject
Project("{FAE04EC0-301F-11D3-BF4B-00C04F79EFBC}") = "Lesson_2_00_NOD", "Lesson_2\NOD\Lesson_2_00_NOD.csproj", "{EF48356A-C05C-4325-A2E0-DDDA04F4B1D3}"
EndProject
Project("{FAE04EC0-301F-11D3-BF4B-00C04F79EFBC}") = "Lesson_2_0", "Lesson_2\Test\Lesson_2_0.csproj", "{28401BA5-2325-4C07-A485-C3F32E2A7D51}"
EndProject
Project("{FAE04EC0-301F-11D3-BF4B-00C04F79EFBC}") = "Lesson_2_1_Minimum", "Lesson_2\1_Minimum\Lesson_2_1_Minimum.csproj", "{AC8B4167-DED8-4CFD-95F3-D86C10AC201B}"
EndProject
Project("{FAE04EC0-301F-11D3-BF4B-00C04F79EFBC}") = "Lesson_2_2_Count", "Lesson_2\2_Count\Lesson_2_2_Count.csproj", "{851E4301-02DD-4B00-8D29-F67F94987937}"
EndProject
Project("{FAE04EC0-301F-11D3-BF4B-00C04F79EFBC}") = "Lesson_2_3_Sum", "Lesson_2\3_Sum\Lesson_2_3_Sum.csproj", "{0A632D8A-DEEC-4D75-9EAE-014279BB0F83}"
EndProject
Project("{FAE04EC0-301F-11D3-BF4B-00C04F79EFBC}") = "Lesson_2_4_Pass", "Lesson_2\4_Pass\Lesson_2_4_Pass.csproj", "{B35E6760-2FCB-4D88-B6AF-6C5EEBF63C8D}"
EndProject
Project("{FAE04EC0-301F-11D3-BF4B-00C04F79EFBC}") = "Lesson_2_5_Slim", "Lesson_2\5_Slim\Lesson_2_5_Slim.csproj", "{C5B61437-64C8-4FE2-81B0-80B93481A3DF}"
EndProject
Project("{FAE04EC0-301F-11D3-BF4B-00C04F79EFBC}") = "Lesson_2_6_GoodNumbers", "Lesson_2\6_GoodNumbers\Lesson_2_6_GoodNumbers.csproj", "{9FAE241B-E9D3-44D6-8282-E04797D9ECD7}"
EndProject
Project("{FAE04EC0-301F-11D3-BF4B-00C04F79EFBC}") = "Lesson_3_0", "Lesson_3\Test\Lesson_3_0.csproj", "{55F44112-9583-47CD-B6B9-C5953EAB85AA}"
EndProject
Project("{FAE04EC0-301F-11D3-BF4B-00C04F79EFBC}") = "Lesson_3_2_Sum", "Lesson_3\2_Sum\Lesson_3_2_Sum.csproj", "{EBE83A9A-2C94-474F-881C-34F3A25FC997}"
EndProject
Project("{FAE04EC0-301F-11D3-BF4B-00C04F79EFBC}") = "Lesson_4_0", "Lesson_4\Test\Lesson_4_0.csproj", "{CDC1F55A-2127-4CE0-AABA-A8928E8634DC}"
EndProject
Project("{FAE04EC0-301F-11D3-BF4B-00C04F79EFBC}") = "Lesson_4_1_Pairs", "Lesson_4\1_Pairs\Lesson_4_1_Pairs.csproj", "{392BBC72-D339-498F-B1D9-087EB8A43C07}"
EndProject
Project("{FAE04EC0-301F-11D3-BF4B-00C04F79EFBC}") = "Lesson_4_3_Pass", "Lesson_4\3_Pass\Lesson_4_3_Pass.csproj", "{05867FA8-87E3-44E2-B246-42A71FEF0F50}"
EndProject
Project("{FAE04EC0-301F-11D3-BF4B-00C04F79EFBC}") = "Lesson_5_0", "Lesson_5\Test\Lesson_5_0.csproj", "{9D3CF864-D07C-472E-85EC-75FED1C4A232}"
EndProject
Project("{FAE04EC0-301F-11D3-BF4B-00C04F79EFBC}") = "Lesson_5_1_Login", "Lesson_5\1_Login\Lesson_5_1_Login.csproj", "{7C3807DE-1A3E-477D-A138-FB64C20372CB}"
EndProject
Project("{FAE04EC0-301F-11D3-BF4B-00C04F79EFBC}") = "Lesson_5_4_Grade", "Lesson_5\4_Grade\Lesson_5_4_Grade.csproj", "{1BABEEFB-3FAD-4557-A0E0-5E0EE77C6B5F}"
EndProject
Project("{FAE04EC0-301F-11D3-BF4B-00C04F79EFBC}") = "Lesson_6_0", "Lesson_6\Test\Lesson_6_0.csproj", "{F44D86E0-0F85-442B-9E82-8D2EDA61395E}"
EndProject
Project("{FAE04EC0-301F-11D3-BF4B-00C04F79EFBC}") = "Lesson_7_0", "Lesson_7\Test\Lesson_7_0.csproj", "{4C3F2538-4CAF-41D6-80A1-89A836278126}"
EndProject
Project("{FAE04EC0-301F-11D3-BF4B-00C04F79EFBC}") = "Lesson_7_1_Double", "Lesson_7\1_Double\Lesson_7_1_Double.csproj", "{04B28256-7844-4D61-9C04-C54AB01B9A44}"
EndProject
Project("{FAE04EC0-301F-11D3-BF4B-00C04F79EFBC}") = "Lesson_6_1_TableDouble", "Lesson_6\1_TableDouble\Lesson_6_1_TableDouble.csproj", "{695526C4-50E4-4D8A-B8BD-7B13A9072190}"
EndProject
Project("{FAE04EC0-301F-11D3-BF4B-00C04F79EFBC}") = "Lesson_6_2_Minimum", "Lesson_6\2_Minimum\Lesson_6_2_Minimum.csproj", "{F69E03FC-FB53-4E02-B7CD-013400EE6769}"
EndProject
Project("{FAE04EC0-301F-11D3-BF4B-00C04F79EFBC}") = "Lesson_8_1_BelieveOrNot", "Lesson_8\1_True_False\Lesson_8_1_BelieveOrNot.csproj", "{33FA19B1-856A-4059-BC0F-6B186A7C3D91}"
EndProject
Project("{FAE04EC0-301F-11D3-BF4B-00C04F79EFBC}") = "Lesson_8_2_BelieveGame", "Lesson_8\2_BelieveGame\Lesson_8_2_BelieveGame.csproj", "{AC94F1CC-FB71-4078-9060-CCC8806FB023}"
EndProject
Global
	GlobalSection(SolutionConfigurationPlatforms) = preSolution
		Debug|Any CPU = Debug|Any CPU
		Release|Any CPU = Release|Any CPU
	EndGlobalSection
	GlobalSection(ProjectConfigurationPlatforms) = postSolution
		{ADF5202C-2966-474E-A50A-2FF943A88352}.Debug|Any CPU.ActiveCfg = Debug|Any CPU
		{ADF5202C-2966-474E-A50A-2FF943A88352}.Debug|Any CPU.Build.0 = Debug|Any CPU
		{ADF5202C-2966-474E-A50A-2FF943A88352}.Release|Any CPU.ActiveCfg = Release|Any CPU
		{ADF5202C-2966-474E-A50A-2FF943A88352}.Release|Any CPU.Build.0 = Release|Any CPU
		{2DEB08F2-BF49-4F66-BC60-D0EB9707F5D8}.Debug|Any CPU.ActiveCfg = Debug|Any CPU
		{2DEB08F2-BF49-4F66-BC60-D0EB9707F5D8}.Debug|Any CPU.Build.0 = Debug|Any CPU
		{2DEB08F2-BF49-4F66-BC60-D0EB9707F5D8}.Release|Any CPU.ActiveCfg = Release|Any CPU
		{2DEB08F2-BF49-4F66-BC60-D0EB9707F5D8}.Release|Any CPU.Build.0 = Release|Any CPU
		{17FDE6C1-944E-4E7C-8B07-D0002F11E0E2}.Debug|Any CPU.ActiveCfg = Debug|Any CPU
		{17FDE6C1-944E-4E7C-8B07-D0002F11E0E2}.Debug|Any CPU.Build.0 = Debug|Any CPU
		{17FDE6C1-944E-4E7C-8B07-D0002F11E0E2}.Release|Any CPU.ActiveCfg = Release|Any CPU
		{17FDE6C1-944E-4E7C-8B07-D0002F11E0E2}.Release|Any CPU.Build.0 = Release|Any CPU
		{F701D989-A510-4CE6-B7DE-5E97722DDC5C}.Debug|Any CPU.ActiveCfg = Debug|Any CPU
		{F701D989-A510-4CE6-B7DE-5E97722DDC5C}.Debug|Any CPU.Build.0 = Debug|Any CPU
		{F701D989-A510-4CE6-B7DE-5E97722DDC5C}.Release|Any CPU.ActiveCfg = Release|Any CPU
		{F701D989-A510-4CE6-B7DE-5E97722DDC5C}.Release|Any CPU.Build.0 = Release|Any CPU
		{1D46D000-9848-4035-AA10-760546C596E9}.Debug|Any CPU.ActiveCfg = Debug|Any CPU
		{1D46D000-9848-4035-AA10-760546C596E9}.Debug|Any CPU.Build.0 = Debug|Any CPU
		{1D46D000-9848-4035-AA10-760546C596E9}.Release|Any CPU.ActiveCfg = Release|Any CPU
		{1D46D000-9848-4035-AA10-760546C596E9}.Release|Any CPU.Build.0 = Release|Any CPU
		{EF48356A-C05C-4325-A2E0-DDDA04F4B1D3}.Debug|Any CPU.ActiveCfg = Debug|Any CPU
		{EF48356A-C05C-4325-A2E0-DDDA04F4B1D3}.Debug|Any CPU.Build.0 = Debug|Any CPU
		{EF48356A-C05C-4325-A2E0-DDDA04F4B1D3}.Release|Any CPU.ActiveCfg = Release|Any CPU
		{EF48356A-C05C-4325-A2E0-DDDA04F4B1D3}.Release|Any CPU.Build.0 = Release|Any CPU
		{28401BA5-2325-4C07-A485-C3F32E2A7D51}.Debug|Any CPU.ActiveCfg = Debug|Any CPU
		{28401BA5-2325-4C07-A485-C3F32E2A7D51}.Debug|Any CPU.Build.0 = Debug|Any CPU
		{28401BA5-2325-4C07-A485-C3F32E2A7D51}.Release|Any CPU.ActiveCfg = Release|Any CPU
		{28401BA5-2325-4C07-A485-C3F32E2A7D51}.Release|Any CPU.Build.0 = Release|Any CPU
		{AC8B4167-DED8-4CFD-95F3-D86C10AC201B}.Debug|Any CPU.ActiveCfg = Debug|Any CPU
		{AC8B4167-DED8-4CFD-95F3-D86C10AC201B}.Debug|Any CPU.Build.0 = Debug|Any CPU
		{AC8B4167-DED8-4CFD-95F3-D86C10AC201B}.Release|Any CPU.ActiveCfg = Release|Any CPU
		{AC8B4167-DED8-4CFD-95F3-D86C10AC201B}.Release|Any CPU.Build.0 = Release|Any CPU
		{851E4301-02DD-4B00-8D29-F67F94987937}.Debug|Any CPU.ActiveCfg = Debug|Any CPU
		{851E4301-02DD-4B00-8D29-F67F94987937}.Debug|Any CPU.Build.0 = Debug|Any CPU
		{851E4301-02DD-4B00-8D29-F67F94987937}.Release|Any CPU.ActiveCfg = Release|Any CPU
		{851E4301-02DD-4B00-8D29-F67F94987937}.Release|Any CPU.Build.0 = Release|Any CPU
		{0A632D8A-DEEC-4D75-9EAE-014279BB0F83}.Debug|Any CPU.ActiveCfg = Debug|Any CPU
		{0A632D8A-DEEC-4D75-9EAE-014279BB0F83}.Debug|Any CPU.Build.0 = Debug|Any CPU
		{0A632D8A-DEEC-4D75-9EAE-014279BB0F83}.Release|Any CPU.ActiveCfg = Release|Any CPU
		{0A632D8A-DEEC-4D75-9EAE-014279BB0F83}.Release|Any CPU.Build.0 = Release|Any CPU
		{B35E6760-2FCB-4D88-B6AF-6C5EEBF63C8D}.Debug|Any CPU.ActiveCfg = Debug|Any CPU
		{B35E6760-2FCB-4D88-B6AF-6C5EEBF63C8D}.Debug|Any CPU.Build.0 = Debug|Any CPU
		{B35E6760-2FCB-4D88-B6AF-6C5EEBF63C8D}.Release|Any CPU.ActiveCfg = Release|Any CPU
		{B35E6760-2FCB-4D88-B6AF-6C5EEBF63C8D}.Release|Any CPU.Build.0 = Release|Any CPU
		{C5B61437-64C8-4FE2-81B0-80B93481A3DF}.Debug|Any CPU.ActiveCfg = Debug|Any CPU
		{C5B61437-64C8-4FE2-81B0-80B93481A3DF}.Debug|Any CPU.Build.0 = Debug|Any CPU
		{C5B61437-64C8-4FE2-81B0-80B93481A3DF}.Release|Any CPU.ActiveCfg = Release|Any CPU
		{C5B61437-64C8-4FE2-81B0-80B93481A3DF}.Release|Any CPU.Build.0 = Release|Any CPU
		{9FAE241B-E9D3-44D6-8282-E04797D9ECD7}.Debug|Any CPU.ActiveCfg = Debug|Any CPU
		{9FAE241B-E9D3-44D6-8282-E04797D9ECD7}.Debug|Any CPU.Build.0 = Debug|Any CPU
		{9FAE241B-E9D3-44D6-8282-E04797D9ECD7}.Release|Any CPU.ActiveCfg = Release|Any CPU
		{9FAE241B-E9D3-44D6-8282-E04797D9ECD7}.Release|Any CPU.Build.0 = Release|Any CPU
		{55F44112-9583-47CD-B6B9-C5953EAB85AA}.Debug|Any CPU.ActiveCfg = Debug|Any CPU
		{55F44112-9583-47CD-B6B9-C5953EAB85AA}.Debug|Any CPU.Build.0 = Debug|Any CPU
		{55F44112-9583-47CD-B6B9-C5953EAB85AA}.Release|Any CPU.ActiveCfg = Release|Any CPU
		{55F44112-9583-47CD-B6B9-C5953EAB85AA}.Release|Any CPU.Build.0 = Release|Any CPU
		{EBE83A9A-2C94-474F-881C-34F3A25FC997}.Debug|Any CPU.ActiveCfg = Debug|Any CPU
		{EBE83A9A-2C94-474F-881C-34F3A25FC997}.Debug|Any CPU.Build.0 = Debug|Any CPU
		{EBE83A9A-2C94-474F-881C-34F3A25FC997}.Release|Any CPU.ActiveCfg = Release|Any CPU
		{EBE83A9A-2C94-474F-881C-34F3A25FC997}.Release|Any CPU.Build.0 = Release|Any CPU
		{CDC1F55A-2127-4CE0-AABA-A8928E8634DC}.Debug|Any CPU.ActiveCfg = Debug|Any CPU
		{CDC1F55A-2127-4CE0-AABA-A8928E8634DC}.Debug|Any CPU.Build.0 = Debug|Any CPU
		{CDC1F55A-2127-4CE0-AABA-A8928E8634DC}.Release|Any CPU.ActiveCfg = Release|Any CPU
		{CDC1F55A-2127-4CE0-AABA-A8928E8634DC}.Release|Any CPU.Build.0 = Release|Any CPU
		{392BBC72-D339-498F-B1D9-087EB8A43C07}.Debug|Any CPU.ActiveCfg = Debug|Any CPU
		{392BBC72-D339-498F-B1D9-087EB8A43C07}.Debug|Any CPU.Build.0 = Debug|Any CPU
		{392BBC72-D339-498F-B1D9-087EB8A43C07}.Release|Any CPU.ActiveCfg = Release|Any CPU
		{392BBC72-D339-498F-B1D9-087EB8A43C07}.Release|Any CPU.Build.0 = Release|Any CPU
		{05867FA8-87E3-44E2-B246-42A71FEF0F50}.Debug|Any CPU.ActiveCfg = Debug|Any CPU
		{05867FA8-87E3-44E2-B246-42A71FEF0F50}.Debug|Any CPU.Build.0 = Debug|Any CPU
		{05867FA8-87E3-44E2-B246-42A71FEF0F50}.Release|Any CPU.ActiveCfg = Release|Any CPU
		{05867FA8-87E3-44E2-B246-42A71FEF0F50}.Release|Any CPU.Build.0 = Release|Any CPU
		{9D3CF864-D07C-472E-85EC-75FED1C4A232}.Debug|Any CPU.ActiveCfg = Debug|Any CPU
		{9D3CF864-D07C-472E-85EC-75FED1C4A232}.Debug|Any CPU.Build.0 = Debug|Any CPU
		{9D3CF864-D07C-472E-85EC-75FED1C4A232}.Release|Any CPU.ActiveCfg = Release|Any CPU
		{9D3CF864-D07C-472E-85EC-75FED1C4A232}.Release|Any CPU.Build.0 = Release|Any CPU
		{7C3807DE-1A3E-477D-A138-FB64C20372CB}.Debug|Any CPU.ActiveCfg = Debug|Any CPU
		{7C3807DE-1A3E-477D-A138-FB64C20372CB}.Debug|Any CPU.Build.0 = Debug|Any CPU
		{7C3807DE-1A3E-477D-A138-FB64C20372CB}.Release|Any CPU.ActiveCfg = Release|Any CPU
		{7C3807DE-1A3E-477D-A138-FB64C20372CB}.Release|Any CPU.Build.0 = Release|Any CPU
		{1BABEEFB-3FAD-4557-A0E0-5E0EE77C6B5F}.Debug|Any CPU.ActiveCfg = Debug|Any CPU
		{1BABEEFB-3FAD-4557-A0E0-5E0EE77C6B5F}.Debug|Any CPU.Build.0 = Debug|Any CPU
		{1BABEEFB-3FAD-4557-A0E0-5E0EE77C6B5F}.Release|Any CPU.ActiveCfg = Release|Any CPU
		{1BABEEFB-3FAD-4557-A0E0-5E0EE77C6B5F}.Release|Any CPU.Build.0 = Release|Any CPU
		{F44D86E0-0F85-442B-9E82-8D2EDA61395E}.Debug|Any CPU.ActiveCfg = Debug|Any CPU
		{F44D86E0-0F85-442B-9E82-8D2EDA61395E}.Debug|Any CPU.Build.0 = Debug|Any CPU
		{F44D86E0-0F85-442B-9E82-8D2EDA61395E}.Release|Any CPU.ActiveCfg = Release|Any CPU
		{F44D86E0-0F85-442B-9E82-8D2EDA61395E}.Release|Any CPU.Build.0 = Release|Any CPU
		{4C3F2538-4CAF-41D6-80A1-89A836278126}.Debug|Any CPU.ActiveCfg = Debug|Any CPU
		{4C3F2538-4CAF-41D6-80A1-89A836278126}.Debug|Any CPU.Build.0 = Debug|Any CPU
		{4C3F2538-4CAF-41D6-80A1-89A836278126}.Release|Any CPU.ActiveCfg = Release|Any CPU
		{4C3F2538-4CAF-41D6-80A1-89A836278126}.Release|Any CPU.Build.0 = Release|Any CPU
		{04B28256-7844-4D61-9C04-C54AB01B9A44}.Debug|Any CPU.ActiveCfg = Debug|Any CPU
		{04B28256-7844-4D61-9C04-C54AB01B9A44}.Debug|Any CPU.Build.0 = Debug|Any CPU
		{04B28256-7844-4D61-9C04-C54AB01B9A44}.Release|Any CPU.ActiveCfg = Release|Any CPU
		{04B28256-7844-4D61-9C04-C54AB01B9A44}.Release|Any CPU.Build.0 = Release|Any CPU
		{695526C4-50E4-4D8A-B8BD-7B13A9072190}.Debug|Any CPU.ActiveCfg = Debug|Any CPU
		{695526C4-50E4-4D8A-B8BD-7B13A9072190}.Debug|Any CPU.Build.0 = Debug|Any CPU
		{695526C4-50E4-4D8A-B8BD-7B13A9072190}.Release|Any CPU.ActiveCfg = Release|Any CPU
		{695526C4-50E4-4D8A-B8BD-7B13A9072190}.Release|Any CPU.Build.0 = Release|Any CPU
		{F69E03FC-FB53-4E02-B7CD-013400EE6769}.Debug|Any CPU.ActiveCfg = Debug|Any CPU
		{F69E03FC-FB53-4E02-B7CD-013400EE6769}.Debug|Any CPU.Build.0 = Debug|Any CPU
		{F69E03FC-FB53-4E02-B7CD-013400EE6769}.Release|Any CPU.ActiveCfg = Release|Any CPU
		{F69E03FC-FB53-4E02-B7CD-013400EE6769}.Release|Any CPU.Build.0 = Release|Any CPU
		{33FA19B1-856A-4059-BC0F-6B186A7C3D91}.Debug|Any CPU.ActiveCfg = Debug|Any CPU
		{33FA19B1-856A-4059-BC0F-6B186A7C3D91}.Debug|Any CPU.Build.0 = Debug|Any CPU
		{33FA19B1-856A-4059-BC0F-6B186A7C3D91}.Release|Any CPU.ActiveCfg = Release|Any CPU
		{33FA19B1-856A-4059-BC0F-6B186A7C3D91}.Release|Any CPU.Build.0 = Release|Any CPU
		{AC94F1CC-FB71-4078-9060-CCC8806FB023}.Debug|Any CPU.ActiveCfg = Debug|Any CPU
		{AC94F1CC-FB71-4078-9060-CCC8806FB023}.Debug|Any CPU.Build.0 = Debug|Any CPU
		{AC94F1CC-FB71-4078-9060-CCC8806FB023}.Release|Any CPU.ActiveCfg = Release|Any CPU
		{AC94F1CC-FB71-4078-9060-CCC8806FB023}.Release|Any CPU.Build.0 = Release|Any CPU
	EndGlobalSection
	GlobalSection(SolutionProperties) = preSolution
		HideSolutionNode = FALSE
	EndGlobalSection
	GlobalSection(ExtensibilityGlobals) = postSolution
		SolutionGuid = {7687A78A-5170-47A3-BB9D-3006BE0F34B3}
	EndGlobalSection
EndGlobal
